Microsoft Visual Studio Solution File, Format Version 12.00
# Visual Studio Version 17
VisualStudioVersion = 17.5.2.0
MinimumVisualStudioVersion = 10.0.40219.1
Project("{FAE04EC0-301F-11D3-BF4B-00C04F79EFBC}") = "InfrastructureApp_Tests", "InfrastructureApp_Tests.csproj", "{E88D973E-9C19-658F-B83C-85BAFE55AE41}"
EndProject
Global
	GlobalSection(SolutionConfigurationPlatforms) = preSolution
		Debug|Any CPU = Debug|Any CPU
		Release|Any CPU = Release|Any CPU
	EndGlobalSection
	GlobalSection(ProjectConfigurationPlatforms) = postSolution
		{E88D973E-9C19-658F-B83C-85BAFE55AE41}.Debug|Any CPU.ActiveCfg = Debug|Any CPU
		{E88D973E-9C19-658F-B83C-85BAFE55AE41}.Debug|Any CPU.Build.0 = Debug|Any CPU
		{E88D973E-9C19-658F-B83C-85BAFE55AE41}.Release|Any CPU.ActiveCfg = Release|Any CPU
		{E88D973E-9C19-658F-B83C-85BAFE55AE41}.Release|Any CPU.Build.0 = Release|Any CPU
	EndGlobalSection
	GlobalSection(SolutionProperties) = preSolution
		HideSolutionNode = FALSE
	EndGlobalSection
	GlobalSection(ExtensibilityGlobals) = postSolution
		SolutionGuid = {260FA1DC-2CE6-48D3-9C17-7E62FEA85C46}
	EndGlobalSection
EndGlobal
